{
  "solution": {
    "path": "Twitter.Clone.sln",
    "projects": [
      "src\\services\\notifier\\Twitter.Clone.Notifier.Features.Email\\Twitter.Clone.Notifier.Features.Email.csproj",
      "src\\services\\notifier\\Twitter.Clone.Notifier.Features.Push\\Twitter.Clone.Notifier.Features.Push.csproj",
      "src\\services\\notifier\\Twitter.Clone.Notifier.Features.ShortMessage\\Twitter.Clone.Notifier.Features.ShortMessage.csproj",
      "src\\services\\notifier\\Twitter.Clone.Notifier.Host\\Twitter.Clone.Notifier.Host.csproj",
      "src\\services\\notifier\\Twitter.Clone.Notifier.Service\\Twitter.Clone.Notifier.Service.csproj",
      "src\\services\\notifier\\Twitter.Clone.Notifier.Share\\Twitter.Clone.Notifier.Share.csproj",
      "tests\\Twitter.Clone.FunctionalTests\\Twitter.Clone.FunctionalTests.csproj",
      "tests\\Twitter.Clone.IntegrationTests\\Twitter.Clone.IntegrationTests.csproj",
      "tests\\Twitter.Clone.UnitTests\\Twitter.Clone.UnitTests.csproj"
    ]
  }
}