
Microsoft Visual Studio Solution File, Format Version 12.00
# Visual Studio Version 17
VisualStudioVersion = 17.8.34330.188
MinimumVisualStudioVersion = 10.0.40219.1
Project("{9A19103F-16F7-4668-BE54-9A1E7A4F7556}") = "Twitter.Clone.Relationship.API", "Twitter.Clone.Relationship.API.csproj", "{AA848F35-5B78-4CE0-97DA-4294FE6CA59B}"
EndProject
Project("{2150E333-8FDC-42A3-9474-1A3956D46DE8}") = "Solution Items", "Solution Items", "{764A5ECD-9E16-4D7E-B779-CAFC15972B62}"
	ProjectSection(SolutionItems) = preProject
		.editorconfig = .editorconfig
	EndProjectSection
EndProject
Project("{FAE04EC0-301F-11D3-BF4B-00C04F79EFBC}") = "Twitter.Clone.Relationship.Database", "..\Twitter.Clone.Relationship.Database\Twitter.Clone.Relationship.Database.csproj", "{24B55FFC-84F9-4E7B-96F8-89B8B6E0DC3B}"
EndProject
Project("{FAE04EC0-301F-11D3-BF4B-00C04F79EFBC}") = "Twitter.Clone.Relationship.Entities", "..\Twitter.Clone.Relationship.Entities\Twitter.Clone.Relationship.Entities.csproj", "{9C25CDE8-601D-485B-831B-22481D78B363}"
EndProject
Project("{FAE04EC0-301F-11D3-BF4B-00C04F79EFBC}") = "Features", "..\Features\Features.csproj", "{08BD4AE8-90C2-41EE-831A-928669456B03}"
EndProject
Global
	GlobalSection(SolutionConfigurationPlatforms) = preSolution
		Debug|Any CPU = Debug|Any CPU
		Release|Any CPU = Release|Any CPU
	EndGlobalSection
	GlobalSection(ProjectConfigurationPlatforms) = postSolution
		{AA848F35-5B78-4CE0-97DA-4294FE6CA59B}.Debug|Any CPU.ActiveCfg = Debug|Any CPU
		{AA848F35-5B78-4CE0-97DA-4294FE6CA59B}.Debug|Any CPU.Build.0 = Debug|Any CPU
		{AA848F35-5B78-4CE0-97DA-4294FE6CA59B}.Release|Any CPU.ActiveCfg = Release|Any CPU
		{AA848F35-5B78-4CE0-97DA-4294FE6CA59B}.Release|Any CPU.Build.0 = Release|Any CPU
		{24B55FFC-84F9-4E7B-96F8-89B8B6E0DC3B}.Debug|Any CPU.ActiveCfg = Debug|Any CPU
		{24B55FFC-84F9-4E7B-96F8-89B8B6E0DC3B}.Debug|Any CPU.Build.0 = Debug|Any CPU
		{24B55FFC-84F9-4E7B-96F8-89B8B6E0DC3B}.Release|Any CPU.ActiveCfg = Release|Any CPU
		{24B55FFC-84F9-4E7B-96F8-89B8B6E0DC3B}.Release|Any CPU.Build.0 = Release|Any CPU
		{9C25CDE8-601D-485B-831B-22481D78B363}.Debug|Any CPU.ActiveCfg = Debug|Any CPU
		{9C25CDE8-601D-485B-831B-22481D78B363}.Debug|Any CPU.Build.0 = Debug|Any CPU
		{9C25CDE8-601D-485B-831B-22481D78B363}.Release|Any CPU.ActiveCfg = Release|Any CPU
		{9C25CDE8-601D-485B-831B-22481D78B363}.Release|Any CPU.Build.0 = Release|Any CPU
		{08BD4AE8-90C2-41EE-831A-928669456B03}.Debug|Any CPU.ActiveCfg = Debug|Any CPU
		{08BD4AE8-90C2-41EE-831A-928669456B03}.Debug|Any CPU.Build.0 = Debug|Any CPU
		{08BD4AE8-90C2-41EE-831A-928669456B03}.Release|Any CPU.ActiveCfg = Release|Any CPU
		{08BD4AE8-90C2-41EE-831A-928669456B03}.Release|Any CPU.Build.0 = Release|Any CPU
	EndGlobalSection
	GlobalSection(SolutionProperties) = preSolution
		HideSolutionNode = FALSE
	EndGlobalSection
	GlobalSection(ExtensibilityGlobals) = postSolution
		SolutionGuid = {35BB943E-49A5-4DBE-85DC-293721D20995}
	EndGlobalSection
EndGlobal
