
Microsoft Visual Studio Solution File, Format Version 12.00
# Visual Studio Version 17
VisualStudioVersion = 17.0.31903.59
MinimumVisualStudioVersion = 10.0.40219.1
Project("{9A19103F-16F7-4668-BE54-9A1E7A4F7556}") = "Twitter.Clone.Settings", "Twitter.Clone.Settings\Twitter.Clone.Settings.csproj", "{09D218A2-C646-46D7-97A4-702AF45C96CD}"
EndProject
Project("{2150E333-8FDC-42A3-9474-1A3956D46DE8}") = "Solution Items", "Solution Items", "{F4C18D3E-71B6-4587-B7D1-E23515E64D4F}"
	ProjectSection(SolutionItems) = preProject
		.editorconfig = .editorconfig
	EndProjectSection
EndProject
Global
	GlobalSection(SolutionConfigurationPlatforms) = preSolution
		Debug|Any CPU = Debug|Any CPU
		Release|Any CPU = Release|Any CPU
	EndGlobalSection
	GlobalSection(ProjectConfigurationPlatforms) = postSolution
		{09D218A2-C646-46D7-97A4-702AF45C96CD}.Debug|Any CPU.ActiveCfg = Debug|Any CPU
		{09D218A2-C646-46D7-97A4-702AF45C96CD}.Debug|Any CPU.Build.0 = Debug|Any CPU
		{09D218A2-C646-46D7-97A4-702AF45C96CD}.Release|Any CPU.ActiveCfg = Release|Any CPU
		{09D218A2-C646-46D7-97A4-702AF45C96CD}.Release|Any CPU.Build.0 = Release|Any CPU
	EndGlobalSection
	GlobalSection(SolutionProperties) = preSolution
		HideSolutionNode = FALSE
	EndGlobalSection
	GlobalSection(ExtensibilityGlobals) = postSolution
		SolutionGuid = {67677D7E-55C3-4E81-A1E3-EEE5C057E6FA}
	EndGlobalSection
EndGlobal
